PODS:
  - Flutter (1.0.0)
  - flutter_gl (0.0.3):
    - Flutter
    - three3d_egl (~> 0.1.3)
  - rive_common (0.0.1):
    - Flutter
  - three3d_egl (0.1.3)

DEPENDENCIES:
  - Flutter (from `Flutter`)
  - flutter_gl (from `.symlinks/plugins/flutter_gl/ios`)
  - rive_common (from `.symlinks/plugins/rive_common/ios`)

SPEC REPOS:
  trunk:
    - three3d_egl

EXTERNAL SOURCES:
  Flutter:
    :path: Flutter
  flutter_gl:
    :path: ".symlinks/plugins/flutter_gl/ios"
  rive_common:
    :path: ".symlinks/plugins/rive_common/ios"

SPEC CHECKSUMS:
  Flutter: e0871f40cf51350855a761d2e70bf5af5b9b5de7
  flutter_gl: 5a5603f35db897697f064027864a32b15d0c421d
  rive_common: cbbac3192af00d7341f19dae2f26298e9e37d99e
  three3d_egl: de2cd4950ad2d5f2122166c36583bde4c812e7b5

PODFILE CHECKSUM: 819463e6a0290f5a72f145ba7cde16e8b6ef0796

COCOAPODS: 1.15.2
